# This file was autogenerated by Stack.
# You should not edit this file by hand.
# For more information, please see the documentation at:
#   https://docs.haskellstack.org/en/stable/lock_files

packages:
- completed:
    hackage: blaze-colonnade-1.2.2.1@sha256:e3c606b5695dcc680dbecd42d23008ba18c6d3cf272639d62857d5118dac112d,1394
    pantry-tree:
      size: 279
      sha256: 14989a3fe4813e0148fae583e209e724db3ba554e2455348e0f54b8f709bd4fe
  original:
    hackage: blaze-colonnade-1.2.2.1
- completed:
    hackage: colonnade-1.2.0.2@sha256:c95c2ecff5cfa28c736d8fa662d28b71129f67457068e3f4467b296a621607ab,2099
    pantry-tree:
      size: 327
      sha256: 98ccdd327916e0ff0ea2fa93ff9a96f5d492ae88258b330e991e6dcc4d332496
  original:
    hackage: colonnade-1.2.0.2
- completed:
    hackage: Chart-diagrams-1.9.3@sha256:1535d5d0d3febca63138cecfde234315212611c21bb7f4358b2dae8c55c59003,1801
    pantry-tree:
      size: 934
      sha256: 21558b4300fb173ae47c492d600c836e8a3b744a98372aeb5a5e5d40dd1dee2d
  original:
    hackage: Chart-diagrams-1.9.3
- completed:
    hackage: SVGFonts-1.7.0.1@sha256:af422f17a3a87f2d7185ba7ea4b1cf693f71c164e99ce7386f1902145db25df0,3909
    pantry-tree:
      size: 1836
      sha256: 13f2c1b8ad72eefc1adb87229a2ccdc11be680dafe2fd7c65d52d751dcf885c8
  original:
    hackage: SVGFonts-1.7.0.1
- completed:
    hackage: diagrams-core-1.4.2@sha256:47de45658e8a805b7cb7f535e7b093daf7e861604fa3c70e25bd4ef481bf1571,2997
    pantry-tree:
      size: 2018
      sha256: 00c9bd036e8552d494c912774f05fb9b5752022b4827d3e815ad016a3cb6e16b
  original:
    hackage: diagrams-core-1.4.2
- completed:
    hackage: diagrams-lib-1.4.3@sha256:04f77778d4b550d3c8e54440800685f88467bef91075e82e009a8a6f45c51033,8232
    pantry-tree:
      size: 11604
      sha256: bf481bb5bbbd135a778be4cc69cc2f857944dc5d3b856894effaddc9279adf58
  original:
    hackage: diagrams-lib-1.4.3
- completed:
    hackage: diagrams-postscript-1.5@sha256:ab8c03e39054fa0a8343c9469dcfcdf98228c71d734ef63eefaab38a5688d237,2379
    pantry-tree:
      size: 480
      sha256: a7ac86892bca8bbb37fc3a1e59213895241664f2288c6a2023099f6907f3980e
  original:
    hackage: diagrams-postscript-1.5
- completed:
    hackage: diagrams-svg-1.4.3@sha256:7b4eefffba2b25267eea25155dded4309a153a965eebf16923d289bb797ac3a6,3169
    pantry-tree:
      size: 475
      sha256: 48d1705e7aad5646e3cb7669b8e952efef3a0f2d98f420ba712d09db85fb1277
  original:
    hackage: diagrams-svg-1.4.3
- completed:
    hackage: svg-builder-0.1.1@sha256:22de54d326a6b6912e461e1302edb9108b02aac0b6a6368fcdc3c4a224d487fd,1440
    pantry-tree:
      size: 535
      sha256: 677ee9598c5dedb3ef8959c26a6c65f29b3e1e3c5e83433921aef17d86a22d50
  original:
    hackage: svg-builder-0.1.1
- completed:
    hackage: active-0.2.0.14@sha256:e618aba4a7881eb85dc1585e0a01230af6b4fbab6693931e4a5d0d3a5b184406,1823
    pantry-tree:
      size: 1017
      sha256: 9326ee3500f7bb1adea18f581dc51ebdb522677d8cddc847a506ba5d328ee723
  original:
    hackage: active-0.2.0.14
- completed:
    hackage: dual-tree-0.2.2.1@sha256:9ff31e461d873ae74ba51d93b454c0c4094726d7cb78a0c454394c965e83539d,2830
    pantry-tree:
      size: 387
      sha256: 70ea91862ac301648d63e9c69d0ff8154b1d3c9c632d224d4002c027861ec33e
  original:
    hackage: dual-tree-0.2.2.1
- completed:
    hackage: monoid-extras-0.5.1@sha256:438dbfd7b4dce47d8f0ca577f56caf94bd1e21391afa545cad09fe7cf2e5793d,2333
    pantry-tree:
      size: 1187
      sha256: 52bc06f799bd7f19f0a16f89e6cdcfba4db93339fa9a6e4bcfdb4b49245dffdb
  original:
    hackage: monoid-extras-0.5.1
- completed:
    hackage: statestack-0.3@sha256:be43ce2cd790a4732b88cdc9480458503cb5e307b4f79a502d99d5b3d417730e,1135
    pantry-tree:
      size: 272
      sha256: ea567f5e40bda7ec0896394e386ab82ad48d5dc332b4bd9f3191b2d615dc126d
  original:
    hackage: statestack-0.3
- completed:
    hackage: profunctors-5.4@sha256:f0cae8a572765e8fb6728c06f5482a1dc49cf36467a11f475f863000d2f6b486,2174
    pantry-tree:
      size: 1639
      sha256: 89ac1eb8f3965a746dfdc6dfa90a6c1d326e4c33c2e9e73549b3dbda4592eb01
  original:
    hackage: profunctors-5.4@sha256:f0cae8a572765e8fb6728c06f5482a1dc49cf36467a11f475f863000d2f6b486,2174
snapshots:
- completed:
    size: 563103
    url: https://raw.githubusercontent.com/commercialhaskell/stackage-snapshots/master/lts/17/4.yaml
    sha256: f11e2153044f5f71ea7b1c9398f4721f517c9bd37642ed769647b896564021f3
  original: lts-17.4
